
Microsoft Visual Studio Solution File, Format Version 12.00
# Visual Studio Version 17
VisualStudioVersion = 17.1.32414.318
MinimumVisualStudioVersion = 10.0.40219.1
Project("{9A19103F-16F7-4668-BE54-9A1E7A4F7556}") = "WpfApp1", "WpfApp1\WpfApp1.csproj", "{135CCBAC-9971-42E4-915B-A47D0B0619BD}"
EndProject
Global
	GlobalSection(SolutionConfigurationPlatforms) = preSolution
		Debug|Any CPU = Debug|Any CPU
		Release|Any CPU = Release|Any CPU
	EndGlobalSection
	GlobalSection(ProjectConfigurationPlatforms) = postSolution
		{135CCBAC-9971-42E4-915B-A47D0B0619BD}.Debug|Any CPU.ActiveCfg = Debug|Any CPU
		{135CCBAC-9971-42E4-915B-A47D0B0619BD}.Debug|Any CPU.Build.0 = Debug|Any CPU
		{135CCBAC-9971-42E4-915B-A47D0B0619BD}.Release|Any CPU.ActiveCfg = Release|Any CPU
		{135CCBAC-9971-42E4-915B-A47D0B0619BD}.Release|Any CPU.Build.0 = Release|Any CPU
	EndGlobalSection
	GlobalSection(SolutionProperties) = preSolution
		HideSolutionNode = FALSE
	EndGlobalSection
	GlobalSection(ExtensibilityGlobals) = postSolution
		SolutionGuid = {378DAF41-1630-4380-9182-B84FE0A2132B}
	EndGlobalSection
EndGlobal
